// !$*UTF8*$!
{
	archiveVersion = 1;
	classes = {
	};
	objectVersion = 56;
	objects = {

/* Begin PBXBuildFile section */
		E827E4A52C90B2A600D6D4F1 /* Launch Screen.storyboard in Resources */ = {isa = PBXBuildFile; fileRef = E827E4A42C90B2A600D6D4F1 /* Launch Screen.storyboard */; };
		E82E3E3C2C87991500EF9A6A /* FirebaseAuth in Frameworks */ = {isa = PBXBuildFile; productRef = E82E3E3B2C87991500EF9A6A /* FirebaseAuth */; };
		E82E3E422C879A8300EF9A6A /* AuthenticationView.swift in Sources */ = {isa = PBXBuildFile; fileRef = E82E3E412C879A8300EF9A6A /* AuthenticationView.swift */; };
		E82E3E442C879C0F00EF9A6A /* SignUpEmailView.swift in Sources */ = {isa = PBXBuildFile; fileRef = E82E3E432C879C0F00EF9A6A /* SignUpEmailView.swift */; };
		E82E3E462C879F3E00EF9A6A /* AuthenticationManager.swift in Sources */ = {isa = PBXBuildFile; fileRef = E82E3E452C879F3E00EF9A6A /* AuthenticationManager.swift */; };
		E82E3E482C87A7BE00EF9A6A /* RootView.swift in Sources */ = {isa = PBXBuildFile; fileRef = E82E3E472C87A7BE00EF9A6A /* RootView.swift */; };
		E82E3E4C2C884C1F00EF9A6A /* SignInEmailView.swift in Sources */ = {isa = PBXBuildFile; fileRef = E82E3E4B2C884C1F00EF9A6A /* SignInEmailView.swift */; };
		E82E3E4E2C885BFF00EF9A6A /* GoogleService-Info.plist in Resources */ = {isa = PBXBuildFile; fileRef = E82E3E4D2C885BFF00EF9A6A /* GoogleService-Info.plist */; };
		E82E3E512C885CC300EF9A6A /* GoogleSignIn in Frameworks */ = {isa = PBXBuildFile; productRef = E82E3E502C885CC300EF9A6A /* GoogleSignIn */; };
		E82E3E532C885CC300EF9A6A /* GoogleSignInSwift in Frameworks */ = {isa = PBXBuildFile; productRef = E82E3E522C885CC300EF9A6A /* GoogleSignInSwift */; };
		E82E3E562C885FF500EF9A6A /* Utilities.swift in Sources */ = {isa = PBXBuildFile; fileRef = E82E3E552C885FF500EF9A6A /* Utilities.swift */; };
		E82E3E582C8866DF00EF9A6A /* SignInGoogleHelper.swift in Sources */ = {isa = PBXBuildFile; fileRef = E82E3E572C8866DF00EF9A6A /* SignInGoogleHelper.swift */; };
		E82E3E5A2C8DD5CA00EF9A6A /* SignInAppleHelper.swift in Sources */ = {isa = PBXBuildFile; fileRef = E82E3E592C8DD5CA00EF9A6A /* SignInAppleHelper.swift */; };
		E83960962C6BEA1400D8456D /* UtterApp.swift in Sources */ = {isa = PBXBuildFile; fileRef = E83960952C6BEA1400D8456D /* UtterApp.swift */; };
		E839609A2C6BEA1500D8456D /* Assets.xcassets in Resources */ = {isa = PBXBuildFile; fileRef = E83960992C6BEA1500D8456D /* Assets.xcassets */; };
		E839609D2C6BEA1500D8456D /* Preview Assets.xcassets in Resources */ = {isa = PBXBuildFile; fileRef = E839609C2C6BEA1500D8456D /* Preview Assets.xcassets */; };
		E854EE352C93652900BF1E33 /* CustomTabBar.swift in Sources */ = {isa = PBXBuildFile; fileRef = E854EE342C93652900BF1E33 /* CustomTabBar.swift */; };
		E854EE392C93764F00BF1E33 /* TabBarButton.swift in Sources */ = {isa = PBXBuildFile; fileRef = E854EE382C93764F00BF1E33 /* TabBarButton.swift */; };
		E854EE3E2C9427BD00BF1E33 /* StoryPopover.swift in Sources */ = {isa = PBXBuildFile; fileRef = E854EE3D2C9427BD00BF1E33 /* StoryPopover.swift */; };
		E854EE432C94B06100BF1E33 /* FirebaseFirestore in Frameworks */ = {isa = PBXBuildFile; productRef = E854EE422C94B06100BF1E33 /* FirebaseFirestore */; };
		E854EE472C94B1CD00BF1E33 /* AuthenticationViewModel.swift in Sources */ = {isa = PBXBuildFile; fileRef = E854EE462C94B1CD00BF1E33 /* AuthenticationViewModel.swift */; };
		E854EE4A2C94B21C00BF1E33 /* SignInEmailViewModel.swift in Sources */ = {isa = PBXBuildFile; fileRef = E854EE492C94B21C00BF1E33 /* SignInEmailViewModel.swift */; };
		E854EE4C2C94B23E00BF1E33 /* SignUpEmailViewModel.swift in Sources */ = {isa = PBXBuildFile; fileRef = E854EE4B2C94B23E00BF1E33 /* SignUpEmailViewModel.swift */; };
		E854EE4E2C94B28E00BF1E33 /* HomeViewModel.swift in Sources */ = {isa = PBXBuildFile; fileRef = E854EE4D2C94B28E00BF1E33 /* HomeViewModel.swift */; };
		E854EE592C94B49300BF1E33 /* SettingsView.swift in Sources */ = {isa = PBXBuildFile; fileRef = E854EE582C94B49300BF1E33 /* SettingsView.swift */; };
		E854EE5B2C94B4CC00BF1E33 /* ProfileView.swift in Sources */ = {isa = PBXBuildFile; fileRef = E854EE5A2C94B4CC00BF1E33 /* ProfileView.swift */; };
		E854EE5D2C94B4ED00BF1E33 /* SettingsViewModel.swift in Sources */ = {isa = PBXBuildFile; fileRef = E854EE5C2C94B4ED00BF1E33 /* SettingsViewModel.swift */; };
		E854EE602C94BA6400BF1E33 /* UserManager.swift in Sources */ = {isa = PBXBuildFile; fileRef = E854EE5F2C94BA6400BF1E33 /* UserManager.swift */; };
		E854EE622C96EEEA00BF1E33 /* StoryManager.swift in Sources */ = {isa = PBXBuildFile; fileRef = E854EE612C96EEEA00BF1E33 /* StoryManager.swift */; };
		E854EE662C96FFE800BF1E33 /* StoryDatabase.swift in Sources */ = {isa = PBXBuildFile; fileRef = E854EE652C96FFE800BF1E33 /* StoryDatabase.swift */; };
		E855176A2C90CD4C00FEB145 /* ContinueWithGoogle.swift in Sources */ = {isa = PBXBuildFile; fileRef = E85517692C90CD4C00FEB145 /* ContinueWithGoogle.swift */; };
		E855176C2C90CD5D00FEB145 /* LabelledDivider.swift in Sources */ = {isa = PBXBuildFile; fileRef = E855176B2C90CD5D00FEB145 /* LabelledDivider.swift */; };
		E85517702C90CE0600FEB145 /* HomeView.swift in Sources */ = {isa = PBXBuildFile; fileRef = E855176F2C90CE0600FEB145 /* HomeView.swift */; };
		E85517722C90D07200FEB145 /* StoryBlob.swift in Sources */ = {isa = PBXBuildFile; fileRef = E85517712C90D07200FEB145 /* StoryBlob.swift */; };
		E85517742C90D3CE00FEB145 /* CircularProgressBarBackgroundView.swift in Sources */ = {isa = PBXBuildFile; fileRef = E85517732C90D3CE00FEB145 /* CircularProgressBarBackgroundView.swift */; };
		E85517772C90D51400FEB145 /* CircularProgressBarProgressView.swift in Sources */ = {isa = PBXBuildFile; fileRef = E85517762C90D51400FEB145 /* CircularProgressBarProgressView.swift */; };
		E85517792C90D5B200FEB145 /* CircularProgressBarView.swift in Sources */ = {isa = PBXBuildFile; fileRef = E85517782C90D5B200FEB145 /* CircularProgressBarView.swift */; };
		E855177D2C9205FC00FEB145 /* WavyPath.swift in Sources */ = {isa = PBXBuildFile; fileRef = E855177C2C9205FC00FEB145 /* WavyPath.swift */; };
		E85517852C921B8500FEB145 /* HorizontalProgressBar.swift in Sources */ = {isa = PBXBuildFile; fileRef = E85517842C921B8500FEB145 /* HorizontalProgressBar.swift */; };
		E87D52E22C9D6EF50067A1A0 /* ExerciseHeaderView.swift in Sources */ = {isa = PBXBuildFile; fileRef = E87D52E12C9D6EF50067A1A0 /* ExerciseHeaderView.swift */; };
		E87D52E42C9D6F2B0067A1A0 /* ExerciseCompletionView.swift in Sources */ = {isa = PBXBuildFile; fileRef = E87D52E32C9D6F2B0067A1A0 /* ExerciseCompletionView.swift */; };
		E87D52E72C9D6FCB0067A1A0 /* MultipleChoiceView.swift in Sources */ = {isa = PBXBuildFile; fileRef = E87D52E62C9D6FCB0067A1A0 /* MultipleChoiceView.swift */; };
		E87D52E92C9D6FED0067A1A0 /* HintsView.swift in Sources */ = {isa = PBXBuildFile; fileRef = E87D52E82C9D6FED0067A1A0 /* HintsView.swift */; };
		E87D52ED2C9D7F240067A1A0 /* PronunciationView.swift in Sources */ = {isa = PBXBuildFile; fileRef = E87D52EC2C9D7F240067A1A0 /* PronunciationView.swift */; };
		E87D52EF2C9D8ED20067A1A0 /* LineViewModel.swift in Sources */ = {isa = PBXBuildFile; fileRef = E87D52EE2C9D8ED20067A1A0 /* LineViewModel.swift */; };
		E87D52F12C9D98A20067A1A0 /* SpeakingView.swift in Sources */ = {isa = PBXBuildFile; fileRef = E87D52F02C9D98A20067A1A0 /* SpeakingView.swift */; };
		E87D52F62C9DBEB90067A1A0 /* StoryCompleteView.swift in Sources */ = {isa = PBXBuildFile; fileRef = E87D52F52C9DBEB90067A1A0 /* StoryCompleteView.swift */; };
		E87D52F92C9DD3400067A1A0 /* AudioManager.swift in Sources */ = {isa = PBXBuildFile; fileRef = E87D52F82C9DD3400067A1A0 /* AudioManager.swift */; };
		E87D52FE2C9F0B310067A1A0 /* TestVoiceTranscriptionView.swift in Sources */ = {isa = PBXBuildFile; fileRef = E87D52FD2C9F0B310067A1A0 /* TestVoiceTranscriptionView.swift */; };
		E87D53002C9F0E380067A1A0 /* SpeechTranscriptionManager.swift in Sources */ = {isa = PBXBuildFile; fileRef = E87D52FF2C9F0E380067A1A0 /* SpeechTranscriptionManager.swift */; };
		E87D53022C9F247F0067A1A0 /* PronunciationViewModel.swift in Sources */ = {isa = PBXBuildFile; fileRef = E87D53012C9F247F0067A1A0 /* PronunciationViewModel.swift */; };
		E87D53062C9F567C0067A1A0 /* LiveInteractionView.swift in Sources */ = {isa = PBXBuildFile; fileRef = E87D53052C9F567C0067A1A0 /* LiveInteractionView.swift */; };
		E87D53082C9F59D80067A1A0 /* LiveInteractionViewModel.swift in Sources */ = {isa = PBXBuildFile; fileRef = E87D53072C9F59D80067A1A0 /* LiveInteractionViewModel.swift */; };
		E87D530B2C9F5A650067A1A0 /* Vapi in Frameworks */ = {isa = PBXBuildFile; productRef = E87D530A2C9F5A650067A1A0 /* Vapi */; };
		E87D530D2C9F5D8A0067A1A0 /* TokensInfo.plist in Resources */ = {isa = PBXBuildFile; fileRef = E87D530C2C9F5D8A0067A1A0 /* TokensInfo.plist */; };
		E8B5A72C2C878BA700B27287 /* FirebaseAnalytics in Frameworks */ = {isa = PBXBuildFile; productRef = E8B5A72B2C878BA700B27287 /* FirebaseAnalytics */; };
		E8E346E82C9816A6006DDA92 /* AvatarGrid.swift in Sources */ = {isa = PBXBuildFile; fileRef = E8E346E72C9816A6006DDA92 /* AvatarGrid.swift */; };
		E8E346EB2C982DB2006DDA92 /* LanguageView.swift in Sources */ = {isa = PBXBuildFile; fileRef = E8E346EA2C982DB2006DDA92 /* LanguageView.swift */; };
		E8E346ED2C982F7B006DDA92 /* LanguageOption.swift in Sources */ = {isa = PBXBuildFile; fileRef = E8E346EC2C982F7B006DDA92 /* LanguageOption.swift */; };
		E8E346F52C988CE1006DDA92 /* StoryView.swift in Sources */ = {isa = PBXBuildFile; fileRef = E8E346F42C988CE1006DDA92 /* StoryView.swift */; };
		E8E346F82C988CF5006DDA92 /* TextBlob.swift in Sources */ = {isa = PBXBuildFile; fileRef = E8E346F72C988CF5006DDA92 /* TextBlob.swift */; };
		E8E346FB2C98D27F006DDA92 /* WordWrapView.swift in Sources */ = {isa = PBXBuildFile; fileRef = E8E346FA2C98D27F006DDA92 /* WordWrapView.swift */; };
		E8E346FD2C98D292006DDA92 /* WordView.swift in Sources */ = {isa = PBXBuildFile; fileRef = E8E346FC2C98D292006DDA92 /* WordView.swift */; };
		E8E347042C9A0D97006DDA92 /* FirebaseStorage in Frameworks */ = {isa = PBXBuildFile; productRef = E8E347032C9A0D97006DDA92 /* FirebaseStorage */; };
		E8E347072C9A0E33006DDA92 /* StorageManager.swift in Sources */ = {isa = PBXBuildFile; fileRef = E8E347062C9A0E33006DDA92 /* StorageManager.swift */; };
		E8E347092C9A10F3006DDA92 /* ProfileViewModel.swift in Sources */ = {isa = PBXBuildFile; fileRef = E8E347082C9A10F3006DDA92 /* ProfileViewModel.swift */; };
		E8E3470B2C9A9D87006DDA92 /* UserStoryProgressModel.swift in Sources */ = {isa = PBXBuildFile; fileRef = E8E3470A2C9A9D87006DDA92 /* UserStoryProgressModel.swift */; };
		E8E3470D2C9A9DCE006DDA92 /* UserLanguageDetailsModel.swift in Sources */ = {isa = PBXBuildFile; fileRef = E8E3470C2C9A9DCE006DDA92 /* UserLanguageDetailsModel.swift */; };
		E8E347102C9A9E02006DDA92 /* CustomErrors.swift in Sources */ = {isa = PBXBuildFile; fileRef = E8E3470F2C9A9E02006DDA92 /* CustomErrors.swift */; };
		E8E347122C9A9E32006DDA92 /* DBUserModel.swift in Sources */ = {isa = PBXBuildFile; fileRef = E8E347112C9A9E32006DDA92 /* DBUserModel.swift */; };
		E8E347142C9A9E73006DDA92 /* CEFRLevel.swift in Sources */ = {isa = PBXBuildFile; fileRef = E8E347132C9A9E72006DDA92 /* CEFRLevel.swift */; };
		E8E347162C9A9E8E006DDA92 /* DBStoryModel.swift in Sources */ = {isa = PBXBuildFile; fileRef = E8E347152C9A9E8E006DDA92 /* DBStoryModel.swift */; };
		E8E347182C9A9ED2006DDA92 /* StoryType.swift in Sources */ = {isa = PBXBuildFile; fileRef = E8E347172C9A9ED2006DDA92 /* StoryType.swift */; };
		E8E3471A2C9A9EF4006DDA92 /* Language.swift in Sources */ = {isa = PBXBuildFile; fileRef = E8E347192C9A9EF4006DDA92 /* Language.swift */; };
		E8E3471C2C9A9F12006DDA92 /* StoryDifficulty.swift in Sources */ = {isa = PBXBuildFile; fileRef = E8E3471B2C9A9F12006DDA92 /* StoryDifficulty.swift */; };
		E8E3471E2C9A9F5F006DDA92 /* AuthDataResultModel.swift in Sources */ = {isa = PBXBuildFile; fileRef = E8E3471D2C9A9F5F006DDA92 /* AuthDataResultModel.swift */; };
		E8E347212C9AA104006DDA92 /* AuthProviderOption.swift in Sources */ = {isa = PBXBuildFile; fileRef = E8E347202C9AA104006DDA92 /* AuthProviderOption.swift */; };
		E8E347232C9AAB7C006DDA92 /* StoryModel.swift in Sources */ = {isa = PBXBuildFile; fileRef = E8E347222C9AAB7C006DDA92 /* StoryModel.swift */; };
		E8E3472E2C9AD664006DDA92 /* StoryViewModel.swift in Sources */ = {isa = PBXBuildFile; fileRef = E8E3472D2C9AD664006DDA92 /* StoryViewModel.swift */; };
		E8E347302C9AD6E6006DDA92 /* GoogleSignInResultModel.swift in Sources */ = {isa = PBXBuildFile; fileRef = E8E3472F2C9AD6E6006DDA92 /* GoogleSignInResultModel.swift */; };
		E8E347322C9AD757006DDA92 /* AppleSignInResultModel.swift in Sources */ = {isa = PBXBuildFile; fileRef = E8E347312C9AD757006DDA92 /* AppleSignInResultModel.swift */; };
		E8E347352C9AE979006DDA92 /* StoryDataModel.swift in Sources */ = {isa = PBXBuildFile; fileRef = E8E347342C9AE979006DDA92 /* StoryDataModel.swift */; };
		E8E3474E2C9C1320006DDA92 /* StoryTitleView.swift in Sources */ = {isa = PBXBuildFile; fileRef = E8E3474D2C9C1320006DDA92 /* StoryTitleView.swift */; };
		E8E347502C9C1551006DDA92 /* ChapterTitleView.swift in Sources */ = {isa = PBXBuildFile; fileRef = E8E3474F2C9C1551006DDA92 /* ChapterTitleView.swift */; };
		E8E347522C9C1813006DDA92 /* StoryButton.swift in Sources */ = {isa = PBXBuildFile; fileRef = E8E347512C9C1813006DDA92 /* StoryButton.swift */; };
		E8E347542C9C1C51006DDA92 /* StoryImageCard.swift in Sources */ = {isa = PBXBuildFile; fileRef = E8E347532C9C1C51006DDA92 /* StoryImageCard.swift */; };
		E8E347562C9C5026006DDA92 /* StoryBlockView.swift in Sources */ = {isa = PBXBuildFile; fileRef = E8E347552C9C5026006DDA92 /* StoryBlockView.swift */; };
		E8E347582C9C51AC006DDA92 /* ExerciseBlockView.swift in Sources */ = {isa = PBXBuildFile; fileRef = E8E347572C9C51AC006DDA92 /* ExerciseBlockView.swift */; };
/* End PBXBuildFile section */

/* Begin PBXFileReference section */
		E827E4A42C90B2A600D6D4F1 /* Launch Screen.storyboard */ = {isa = PBXFileReference; lastKnownFileType = file.storyboard; path = "Launch Screen.storyboard"; sourceTree = "<group>"; };
		E82E3E412C879A8300EF9A6A /* AuthenticationView.swift */ = {isa = PBXFileReference; lastKnownFileType = sourcecode.swift; path = AuthenticationView.swift; sourceTree = "<group>"; };
		E82E3E432C879C0F00EF9A6A /* SignUpEmailView.swift */ = {isa = PBXFileReference; lastKnownFileType = sourcecode.swift; path = SignUpEmailView.swift; sourceTree = "<group>"; };
		E82E3E452C879F3E00EF9A6A /* AuthenticationManager.swift */ = {isa = PBXFileReference; lastKnownFileType = sourcecode.swift; path = AuthenticationManager.swift; sourceTree = "<group>"; };
		E82E3E472C87A7BE00EF9A6A /* RootView.swift */ = {isa = PBXFileReference; lastKnownFileType = sourcecode.swift; path = RootView.swift; sourceTree = "<group>"; };
		E82E3E4B2C884C1F00EF9A6A /* SignInEmailView.swift */ = {isa = PBXFileReference; lastKnownFileType = sourcecode.swift; path = SignInEmailView.swift; sourceTree = "<group>"; };
		E82E3E4D2C885BFF00EF9A6A /* GoogleService-Info.plist */ = {isa = PBXFileReference; fileEncoding = 4; lastKnownFileType = text.plist.xml; path = "GoogleService-Info.plist"; sourceTree = "<group>"; };
		E82E3E552C885FF500EF9A6A /* Utilities.swift */ = {isa = PBXFileReference; lastKnownFileType = sourcecode.swift; path = Utilities.swift; sourceTree = "<group>"; };
		E82E3E572C8866DF00EF9A6A /* SignInGoogleHelper.swift */ = {isa = PBXFileReference; lastKnownFileType = sourcecode.swift; path = SignInGoogleHelper.swift; sourceTree = "<group>"; };
		E82E3E592C8DD5CA00EF9A6A /* SignInAppleHelper.swift */ = {isa = PBXFileReference; lastKnownFileType = sourcecode.swift; path = SignInAppleHelper.swift; sourceTree = "<group>"; };
		E83960922C6BEA1400D8456D /* Utter.app */ = {isa = PBXFileReference; explicitFileType = wrapper.application; includeInIndex = 0; path = Utter.app; sourceTree = BUILT_PRODUCTS_DIR; };
		E83960952C6BEA1400D8456D /* UtterApp.swift */ = {isa = PBXFileReference; lastKnownFileType = sourcecode.swift; path = UtterApp.swift; sourceTree = "<group>"; };
		E83960992C6BEA1500D8456D /* Assets.xcassets */ = {isa = PBXFileReference; lastKnownFileType = folder.assetcatalog; path = Assets.xcassets; sourceTree = "<group>"; };
		E839609C2C6BEA1500D8456D /* Preview Assets.xcassets */ = {isa = PBXFileReference; lastKnownFileType = folder.assetcatalog; path = "Preview Assets.xcassets"; sourceTree = "<group>"; };
		E83960A42C6BF90400D8456D /* Info.plist */ = {isa = PBXFileReference; lastKnownFileType = text.plist; path = Info.plist; sourceTree = "<group>"; };
		E854EE342C93652900BF1E33 /* CustomTabBar.swift */ = {isa = PBXFileReference; lastKnownFileType = sourcecode.swift; path = CustomTabBar.swift; sourceTree = "<group>"; };
		E854EE382C93764F00BF1E33 /* TabBarButton.swift */ = {isa = PBXFileReference; lastKnownFileType = sourcecode.swift; path = TabBarButton.swift; sourceTree = "<group>"; };
		E854EE3D2C9427BD00BF1E33 /* StoryPopover.swift */ = {isa = PBXFileReference; lastKnownFileType = sourcecode.swift; path = StoryPopover.swift; sourceTree = "<group>"; };
		E854EE462C94B1CD00BF1E33 /* AuthenticationViewModel.swift */ = {isa = PBXFileReference; lastKnownFileType = sourcecode.swift; path = AuthenticationViewModel.swift; sourceTree = "<group>"; };
		E854EE492C94B21C00BF1E33 /* SignInEmailViewModel.swift */ = {isa = PBXFileReference; lastKnownFileType = sourcecode.swift; path = SignInEmailViewModel.swift; sourceTree = "<group>"; };
		E854EE4B2C94B23E00BF1E33 /* SignUpEmailViewModel.swift */ = {isa = PBXFileReference; lastKnownFileType = sourcecode.swift; path = SignUpEmailViewModel.swift; sourceTree = "<group>"; };
		E854EE4D2C94B28E00BF1E33 /* HomeViewModel.swift */ = {isa = PBXFileReference; lastKnownFileType = sourcecode.swift; path = HomeViewModel.swift; sourceTree = "<group>"; };
		E854EE582C94B49300BF1E33 /* SettingsView.swift */ = {isa = PBXFileReference; lastKnownFileType = sourcecode.swift; path = SettingsView.swift; sourceTree = "<group>"; };
		E854EE5A2C94B4CC00BF1E33 /* ProfileView.swift */ = {isa = PBXFileReference; lastKnownFileType = sourcecode.swift; path = ProfileView.swift; sourceTree = "<group>"; };
		E854EE5C2C94B4ED00BF1E33 /* SettingsViewModel.swift */ = {isa = PBXFileReference; lastKnownFileType = sourcecode.swift; path = SettingsViewModel.swift; sourceTree = "<group>"; };
		E854EE5F2C94BA6400BF1E33 /* UserManager.swift */ = {isa = PBXFileReference; lastKnownFileType = sourcecode.swift; path = UserManager.swift; sourceTree = "<group>"; };
		E854EE612C96EEEA00BF1E33 /* StoryManager.swift */ = {isa = PBXFileReference; lastKnownFileType = sourcecode.swift; path = StoryManager.swift; sourceTree = "<group>"; };
		E854EE652C96FFE800BF1E33 /* StoryDatabase.swift */ = {isa = PBXFileReference; lastKnownFileType = sourcecode.swift; path = StoryDatabase.swift; sourceTree = "<group>"; };
		E85517692C90CD4C00FEB145 /* ContinueWithGoogle.swift */ = {isa = PBXFileReference; lastKnownFileType = sourcecode.swift; path = ContinueWithGoogle.swift; sourceTree = "<group>"; };
		E855176B2C90CD5D00FEB145 /* LabelledDivider.swift */ = {isa = PBXFileReference; lastKnownFileType = sourcecode.swift; path = LabelledDivider.swift; sourceTree = "<group>"; };
		E855176F2C90CE0600FEB145 /* HomeView.swift */ = {isa = PBXFileReference; lastKnownFileType = sourcecode.swift; path = HomeView.swift; sourceTree = "<group>"; };
		E85517712C90D07200FEB145 /* StoryBlob.swift */ = {isa = PBXFileReference; lastKnownFileType = sourcecode.swift; path = StoryBlob.swift; sourceTree = "<group>"; };
		E85517732C90D3CE00FEB145 /* CircularProgressBarBackgroundView.swift */ = {isa = PBXFileReference; lastKnownFileType = sourcecode.swift; path = CircularProgressBarBackgroundView.swift; sourceTree = "<group>"; };
		E85517762C90D51400FEB145 /* CircularProgressBarProgressView.swift */ = {isa = PBXFileReference; lastKnownFileType = sourcecode.swift; path = CircularProgressBarProgressView.swift; sourceTree = "<group>"; };
		E85517782C90D5B200FEB145 /* CircularProgressBarView.swift */ = {isa = PBXFileReference; lastKnownFileType = sourcecode.swift; path = CircularProgressBarView.swift; sourceTree = "<group>"; };
		E855177C2C9205FC00FEB145 /* WavyPath.swift */ = {isa = PBXFileReference; lastKnownFileType = sourcecode.swift; path = WavyPath.swift; sourceTree = "<group>"; };
		E85517842C921B8500FEB145 /* HorizontalProgressBar.swift */ = {isa = PBXFileReference; lastKnownFileType = sourcecode.swift; path = HorizontalProgressBar.swift; sourceTree = "<group>"; };
		E87D52E12C9D6EF50067A1A0 /* ExerciseHeaderView.swift */ = {isa = PBXFileReference; lastKnownFileType = sourcecode.swift; path = ExerciseHeaderView.swift; sourceTree = "<group>"; };
		E87D52E32C9D6F2B0067A1A0 /* ExerciseCompletionView.swift */ = {isa = PBXFileReference; lastKnownFileType = sourcecode.swift; path = ExerciseCompletionView.swift; sourceTree = "<group>"; };
		E87D52E62C9D6FCB0067A1A0 /* MultipleChoiceView.swift */ = {isa = PBXFileReference; lastKnownFileType = sourcecode.swift; path = MultipleChoiceView.swift; sourceTree = "<group>"; };
		E87D52E82C9D6FED0067A1A0 /* HintsView.swift */ = {isa = PBXFileReference; lastKnownFileType = sourcecode.swift; path = HintsView.swift; sourceTree = "<group>"; };
		E87D52EC2C9D7F240067A1A0 /* PronunciationView.swift */ = {isa = PBXFileReference; lastKnownFileType = sourcecode.swift; path = PronunciationView.swift; sourceTree = "<group>"; };
		E87D52EE2C9D8ED20067A1A0 /* LineViewModel.swift */ = {isa = PBXFileReference; lastKnownFileType = sourcecode.swift; path = LineViewModel.swift; sourceTree = "<group>"; };
		E87D52F02C9D98A20067A1A0 /* SpeakingView.swift */ = {isa = PBXFileReference; lastKnownFileType = sourcecode.swift; path = SpeakingView.swift; sourceTree = "<group>"; };
		E87D52F52C9DBEB90067A1A0 /* StoryCompleteView.swift */ = {isa = PBXFileReference; lastKnownFileType = sourcecode.swift; path = StoryCompleteView.swift; sourceTree = "<group>"; };
		E87D52F82C9DD3400067A1A0 /* AudioManager.swift */ = {isa = PBXFileReference; lastKnownFileType = sourcecode.swift; path = AudioManager.swift; sourceTree = "<group>"; };
		E87D52FD2C9F0B310067A1A0 /* TestVoiceTranscriptionView.swift */ = {isa = PBXFileReference; lastKnownFileType = sourcecode.swift; path = TestVoiceTranscriptionView.swift; sourceTree = "<group>"; };
		E87D52FF2C9F0E380067A1A0 /* SpeechTranscriptionManager.swift */ = {isa = PBXFileReference; lastKnownFileType = sourcecode.swift; path = SpeechTranscriptionManager.swift; sourceTree = "<group>"; };
		E87D53012C9F247F0067A1A0 /* PronunciationViewModel.swift */ = {isa = PBXFileReference; lastKnownFileType = sourcecode.swift; path = PronunciationViewModel.swift; sourceTree = "<group>"; };
		E87D53052C9F567C0067A1A0 /* LiveInteractionView.swift */ = {isa = PBXFileReference; lastKnownFileType = sourcecode.swift; path = LiveInteractionView.swift; sourceTree = "<group>"; };
		E87D53072C9F59D80067A1A0 /* LiveInteractionViewModel.swift */ = {isa = PBXFileReference; lastKnownFileType = sourcecode.swift; path = LiveInteractionViewModel.swift; sourceTree = "<group>"; };
		E87D530C2C9F5D8A0067A1A0 /* TokensInfo.plist */ = {isa = PBXFileReference; lastKnownFileType = text.plist.xml; path = TokensInfo.plist; sourceTree = "<group>"; };
		E8E346E72C9816A6006DDA92 /* AvatarGrid.swift */ = {isa = PBXFileReference; lastKnownFileType = sourcecode.swift; path = AvatarGrid.swift; sourceTree = "<group>"; };
		E8E346EA2C982DB2006DDA92 /* LanguageView.swift */ = {isa = PBXFileReference; lastKnownFileType = sourcecode.swift; path = LanguageView.swift; sourceTree = "<group>"; };
		E8E346EC2C982F7B006DDA92 /* LanguageOption.swift */ = {isa = PBXFileReference; lastKnownFileType = sourcecode.swift; path = LanguageOption.swift; sourceTree = "<group>"; };
		E8E346F42C988CE1006DDA92 /* StoryView.swift */ = {isa = PBXFileReference; lastKnownFileType = sourcecode.swift; path = StoryView.swift; sourceTree = "<group>"; };
		E8E346F72C988CF5006DDA92 /* TextBlob.swift */ = {isa = PBXFileReference; lastKnownFileType = sourcecode.swift; path = TextBlob.swift; sourceTree = "<group>"; };
		E8E346FA2C98D27F006DDA92 /* WordWrapView.swift */ = {isa = PBXFileReference; lastKnownFileType = sourcecode.swift; path = WordWrapView.swift; sourceTree = "<group>"; };
		E8E346FC2C98D292006DDA92 /* WordView.swift */ = {isa = PBXFileReference; lastKnownFileType = sourcecode.swift; path = WordView.swift; sourceTree = "<group>"; };
		E8E347062C9A0E33006DDA92 /* StorageManager.swift */ = {isa = PBXFileReference; lastKnownFileType = sourcecode.swift; path = StorageManager.swift; sourceTree = "<group>"; };
		E8E347082C9A10F3006DDA92 /* ProfileViewModel.swift */ = {isa = PBXFileReference; lastKnownFileType = sourcecode.swift; path = ProfileViewModel.swift; sourceTree = "<group>"; };
		E8E3470A2C9A9D87006DDA92 /* UserStoryProgressModel.swift */ = {isa = PBXFileReference; lastKnownFileType = sourcecode.swift; path = UserStoryProgressModel.swift; sourceTree = "<group>"; };
		E8E3470C2C9A9DCE006DDA92 /* UserLanguageDetailsModel.swift */ = {isa = PBXFileReference; lastKnownFileType = sourcecode.swift; path = UserLanguageDetailsModel.swift; sourceTree = "<group>"; };
		E8E3470F2C9A9E02006DDA92 /* CustomErrors.swift */ = {isa = PBXFileReference; lastKnownFileType = sourcecode.swift; path = CustomErrors.swift; sourceTree = "<group>"; };
		E8E347112C9A9E32006DDA92 /* DBUserModel.swift */ = {isa = PBXFileReference; lastKnownFileType = sourcecode.swift; path = DBUserModel.swift; sourceTree = "<group>"; };
		E8E347132C9A9E72006DDA92 /* CEFRLevel.swift */ = {isa = PBXFileReference; lastKnownFileType = sourcecode.swift; path = CEFRLevel.swift; sourceTree = "<group>"; };
		E8E347152C9A9E8E006DDA92 /* DBStoryModel.swift */ = {isa = PBXFileReference; lastKnownFileType = sourcecode.swift; path = DBStoryModel.swift; sourceTree = "<group>"; };
		E8E347172C9A9ED2006DDA92 /* StoryType.swift */ = {isa = PBXFileReference; lastKnownFileType = sourcecode.swift; path = StoryType.swift; sourceTree = "<group>"; };
		E8E347192C9A9EF4006DDA92 /* Language.swift */ = {isa = PBXFileReference; lastKnownFileType = sourcecode.swift; path = Language.swift; sourceTree = "<group>"; };
		E8E3471B2C9A9F12006DDA92 /* StoryDifficulty.swift */ = {isa = PBXFileReference; lastKnownFileType = sourcecode.swift; path = StoryDifficulty.swift; sourceTree = "<group>"; };
		E8E3471D2C9A9F5F006DDA92 /* AuthDataResultModel.swift */ = {isa = PBXFileReference; lastKnownFileType = sourcecode.swift; path = AuthDataResultModel.swift; sourceTree = "<group>"; };
		E8E347202C9AA104006DDA92 /* AuthProviderOption.swift */ = {isa = PBXFileReference; lastKnownFileType = sourcecode.swift; path = AuthProviderOption.swift; sourceTree = "<group>"; };
		E8E347222C9AAB7C006DDA92 /* StoryModel.swift */ = {isa = PBXFileReference; lastKnownFileType = sourcecode.swift; path = StoryModel.swift; sourceTree = "<group>"; };
		E8E3472D2C9AD664006DDA92 /* StoryViewModel.swift */ = {isa = PBXFileReference; lastKnownFileType = sourcecode.swift; path = StoryViewModel.swift; sourceTree = "<group>"; };
		E8E3472F2C9AD6E6006DDA92 /* GoogleSignInResultModel.swift */ = {isa = PBXFileReference; lastKnownFileType = sourcecode.swift; path = GoogleSignInResultModel.swift; sourceTree = "<group>"; };
		E8E347312C9AD757006DDA92 /* AppleSignInResultModel.swift */ = {isa = PBXFileReference; lastKnownFileType = sourcecode.swift; path = AppleSignInResultModel.swift; sourceTree = "<group>"; };
		E8E347342C9AE979006DDA92 /* StoryDataModel.swift */ = {isa = PBXFileReference; lastKnownFileType = sourcecode.swift; path = StoryDataModel.swift; sourceTree = "<group>"; };
		E8E3474D2C9C1320006DDA92 /* StoryTitleView.swift */ = {isa = PBXFileReference; lastKnownFileType = sourcecode.swift; path = StoryTitleView.swift; sourceTree = "<group>"; };
		E8E3474F2C9C1551006DDA92 /* ChapterTitleView.swift */ = {isa = PBXFileReference; lastKnownFileType = sourcecode.swift; path = ChapterTitleView.swift; sourceTree = "<group>"; };
		E8E347512C9C1813006DDA92 /* StoryButton.swift */ = {isa = PBXFileReference; lastKnownFileType = sourcecode.swift; path = StoryButton.swift; sourceTree = "<group>"; };
		E8E347532C9C1C51006DDA92 /* StoryImageCard.swift */ = {isa = PBXFileReference; lastKnownFileType = sourcecode.swift; path = StoryImageCard.swift; sourceTree = "<group>"; };
		E8E347552C9C5026006DDA92 /* StoryBlockView.swift */ = {isa = PBXFileReference; lastKnownFileType = sourcecode.swift; path = StoryBlockView.swift; sourceTree = "<group>"; };
		E8E347572C9C51AC006DDA92 /* ExerciseBlockView.swift */ = {isa = PBXFileReference; lastKnownFileType = sourcecode.swift; path = ExerciseBlockView.swift; sourceTree = "<group>"; };
/* End PBXFileReference section */

/* Begin PBXFrameworksBuildPhase section */
		E839608F2C6BEA1400D8456D /* Frameworks */ = {
			isa = PBXFrameworksBuildPhase;
			buildActionMask = 2147483647;
			files = (
				E87D530B2C9F5A650067A1A0 /* Vapi in Frameworks */,
				E8B5A72C2C878BA700B27287 /* FirebaseAnalytics in Frameworks */,
				E82E3E3C2C87991500EF9A6A /* FirebaseAuth in Frameworks */,
				E82E3E512C885CC300EF9A6A /* GoogleSignIn in Frameworks */,
				E854EE432C94B06100BF1E33 /* FirebaseFirestore in Frameworks */,
				E82E3E532C885CC300EF9A6A /* GoogleSignInSwift in Frameworks */,
				E8E347042C9A0D97006DDA92 /* FirebaseStorage in Frameworks */,
			);
			runOnlyForDeploymentPostprocessing = 0;
		};
/* End PBXFrameworksBuildPhase section */

/* Begin PBXGroup section */
		E827E4A62C90B58500D6D4F1 /* Home */ = {
			isa = PBXGroup;
			children = (
				E8E3472B2C9AD5C4006DDA92 /* Components */,
				E855176F2C90CE0600FEB145 /* HomeView.swift */,
				E854EE4D2C94B28E00BF1E33 /* HomeViewModel.swift */,
			);
			path = Home;
			sourceTree = "<group>";
		};
		E82E3E3A2C87991500EF9A6A /* Frameworks */ = {
			isa = PBXGroup;
			children = (
			);
			name = Frameworks;
			sourceTree = "<group>";
		};
		E82E3E3D2C879A3700EF9A6A /* Authentication */ = {
			isa = PBXGroup;
			children = (
				E82E3E452C879F3E00EF9A6A /* AuthenticationManager.swift */,
				E82E3E572C8866DF00EF9A6A /* SignInGoogleHelper.swift */,
				E82E3E592C8DD5CA00EF9A6A /* SignInAppleHelper.swift */,
			);
			path = Authentication;
			sourceTree = "<group>";
		};
		E82E3E542C885FEB00EF9A6A /* Utilities */ = {
			isa = PBXGroup;
			children = (
				E82E3E552C885FF500EF9A6A /* Utilities.swift */,
				E854EE652C96FFE800BF1E33 /* StoryDatabase.swift */,
			);
			path = Utilities;
			sourceTree = "<group>";
		};
		E83960892C6BEA1400D8456D = {
			isa = PBXGroup;
			children = (
				E83960942C6BEA1400D8456D /* Utter */,
				E83960932C6BEA1400D8456D /* Products */,
				E82E3E3A2C87991500EF9A6A /* Frameworks */,
			);
			sourceTree = "<group>";
		};
		E83960932C6BEA1400D8456D /* Products */ = {
			isa = PBXGroup;
			children = (
				E83960922C6BEA1400D8456D /* Utter.app */,
			);
			name = Products;
			sourceTree = "<group>";
		};
		E83960942C6BEA1400D8456D /* Utter */ = {
			isa = PBXGroup;
			children = (
				E82E3E4D2C885BFF00EF9A6A /* GoogleService-Info.plist */,
				E83960A42C6BF90400D8456D /* Info.plist */,
				E87D530C2C9F5D8A0067A1A0 /* TokensInfo.plist */,
				E83960952C6BEA1400D8456D /* UtterApp.swift */,
				E827E4A42C90B2A600D6D4F1 /* Launch Screen.storyboard */,
				E87D52F72C9DD3130067A1A0 /* Managers */,
				E8E347002C99F256006DDA92 /* Models */,
				E8E3471F2C9AA0B7006DDA92 /* Enums */,
				E854EE442C94B19300BF1E33 /* Core */,
				E82E3E542C885FEB00EF9A6A /* Utilities */,
				E82E3E3D2C879A3700EF9A6A /* Authentication */,
				E854EE5E2C94BA5000BF1E33 /* Firestore */,
				E8E347052C9A0E1B006DDA92 /* Storage */,
				E8E3470E2C9A9DDD006DDA92 /* Errors */,
				E83960992C6BEA1500D8456D /* Assets.xcassets */,
				E839609B2C6BEA1500D8456D /* Preview Content */,
			);
			path = Utter;
			sourceTree = "<group>";
		};
		E839609B2C6BEA1500D8456D /* Preview Content */ = {
			isa = PBXGroup;
			children = (
				E839609C2C6BEA1500D8456D /* Preview Assets.xcassets */,
			);
			path = "Preview Content";
			sourceTree = "<group>";
		};
		E854EE332C93651700BF1E33 /* TabBar */ = {
			isa = PBXGroup;
			children = (
				E854EE342C93652900BF1E33 /* CustomTabBar.swift */,
				E854EE382C93764F00BF1E33 /* TabBarButton.swift */,
			);
			path = TabBar;
			sourceTree = "<group>";
		};
		E854EE3A2C9377F700BF1E33 /* StoryBlob */ = {
			isa = PBXGroup;
			children = (
				E85517712C90D07200FEB145 /* StoryBlob.swift */,
				E85517732C90D3CE00FEB145 /* CircularProgressBarBackgroundView.swift */,
				E85517762C90D51400FEB145 /* CircularProgressBarProgressView.swift */,
				E85517782C90D5B200FEB145 /* CircularProgressBarView.swift */,
				E85517842C921B8500FEB145 /* HorizontalProgressBar.swift */,
				E854EE3D2C9427BD00BF1E33 /* StoryPopover.swift */,
			);
			path = StoryBlob;
			sourceTree = "<group>";
		};
		E854EE3F2C9440D200BF1E33 /* Profile */ = {
			isa = PBXGroup;
			children = (
				E8E3472C2C9AD5EE006DDA92 /* Settings */,
				E8E346E62C98168E006DDA92 /* Components */,
				E854EE5A2C94B4CC00BF1E33 /* ProfileView.swift */,
				E8E347082C9A10F3006DDA92 /* ProfileViewModel.swift */,
			);
			path = Profile;
			sourceTree = "<group>";
		};
		E854EE442C94B19300BF1E33 /* Core */ = {
			isa = PBXGroup;
			children = (
				E82E3E472C87A7BE00EF9A6A /* RootView.swift */,
				E854EE452C94B1AD00BF1E33 /* Authentication */,
				E827E4A62C90B58500D6D4F1 /* Home */,
				E854EE3F2C9440D200BF1E33 /* Profile */,
				E8E346E92C982D90006DDA92 /* LanguageSelection */,
				E854EE332C93651700BF1E33 /* TabBar */,
				E8E346F32C988CCA006DDA92 /* Story */,
				E87D52FD2C9F0B310067A1A0 /* TestVoiceTranscriptionView.swift */,
			);
			path = Core;
			sourceTree = "<group>";
		};
		E854EE452C94B1AD00BF1E33 /* Authentication */ = {
			isa = PBXGroup;
			children = (
				E82E3E412C879A8300EF9A6A /* AuthenticationView.swift */,
				E854EE462C94B1CD00BF1E33 /* AuthenticationViewModel.swift */,
				E8E347292C9AD510006DDA92 /* SignUp */,
				E8E347282C9AD4F8006DDA92 /* SignIn */,
				E854EE482C94B1ED00BF1E33 /* Components */,
			);
			path = Authentication;
			sourceTree = "<group>";
		};
		E854EE482C94B1ED00BF1E33 /* Components */ = {
			isa = PBXGroup;
			children = (
				E855176B2C90CD5D00FEB145 /* LabelledDivider.swift */,
				E8E3472A2C9AD519006DDA92 /* ContinueWithGoogle */,
			);
			path = Components;
			sourceTree = "<group>";
		};
		E854EE5E2C94BA5000BF1E33 /* Firestore */ = {
			isa = PBXGroup;
			children = (
				E854EE5F2C94BA6400BF1E33 /* UserManager.swift */,
				E854EE612C96EEEA00BF1E33 /* StoryManager.swift */,
			);
			path = Firestore;
			sourceTree = "<group>";
		};
		E87D52DF2C9D6DB50067A1A0 /* Exercise */ = {
			isa = PBXGroup;
			children = (
				E87D52E52C9D6FB50067A1A0 /* ExerciseTypes */,
				E8E347572C9C51AC006DDA92 /* ExerciseBlockView.swift */,
				E87D52E12C9D6EF50067A1A0 /* ExerciseHeaderView.swift */,
				E87D52E32C9D6F2B0067A1A0 /* ExerciseCompletionView.swift */,
				E87D52E82C9D6FED0067A1A0 /* HintsView.swift */,
			);
			path = Exercise;
			sourceTree = "<group>";
		};
		E87D52E02C9D6DCC0067A1A0 /* Title */ = {
			isa = PBXGroup;
			children = (
				E8E3474D2C9C1320006DDA92 /* StoryTitleView.swift */,
				E8E3474F2C9C1551006DDA92 /* ChapterTitleView.swift */,
				E8E347532C9C1C51006DDA92 /* StoryImageCard.swift */,
			);
			path = Title;
			sourceTree = "<group>";
		};
		E87D52E52C9D6FB50067A1A0 /* ExerciseTypes */ = {
			isa = PBXGroup;
			children = (
				E87D52E62C9D6FCB0067A1A0 /* MultipleChoiceView.swift */,
				E87D52EC2C9D7F240067A1A0 /* PronunciationView.swift */,
				E87D53012C9F247F0067A1A0 /* PronunciationViewModel.swift */,
				E87D52EE2C9D8ED20067A1A0 /* LineViewModel.swift */,
				E87D52F02C9D98A20067A1A0 /* SpeakingView.swift */,
				E87D53052C9F567C0067A1A0 /* LiveInteractionView.swift */,
				E87D53072C9F59D80067A1A0 /* LiveInteractionViewModel.swift */,
			);
			path = ExerciseTypes;
			sourceTree = "<group>";
		};
		E87D52F42C9DBEA20067A1A0 /* Complete */ = {
			isa = PBXGroup;
			children = (
				E87D52F52C9DBEB90067A1A0 /* StoryCompleteView.swift */,
			);
			path = Complete;
			sourceTree = "<group>";
		};
		E87D52F72C9DD3130067A1A0 /* Managers */ = {
			isa = PBXGroup;
			children = (
				E87D52F82C9DD3400067A1A0 /* AudioManager.swift */,
				E87D52FF2C9F0E380067A1A0 /* SpeechTranscriptionManager.swift */,
			);
			path = Managers;
			sourceTree = "<group>";
		};
		E8E346E62C98168E006DDA92 /* Components */ = {
			isa = PBXGroup;
			children = (
				E8E346E72C9816A6006DDA92 /* AvatarGrid.swift */,
			);
			path = Components;
			sourceTree = "<group>";
		};
		E8E346E92C982D90006DDA92 /* LanguageSelection */ = {
			isa = PBXGroup;
			children = (
				E8E346EA2C982DB2006DDA92 /* LanguageView.swift */,
				E8E346EC2C982F7B006DDA92 /* LanguageOption.swift */,
			);
			path = LanguageSelection;
			sourceTree = "<group>";
		};
		E8E346F32C988CCA006DDA92 /* Story */ = {
			isa = PBXGroup;
			children = (
				E8E346F62C988CE6006DDA92 /* Components */,
				E8E346F42C988CE1006DDA92 /* StoryView.swift */,
				E8E3472D2C9AD664006DDA92 /* StoryViewModel.swift */,
			);
			path = Story;
			sourceTree = "<group>";
		};
		E8E346F62C988CE6006DDA92 /* Components */ = {
			isa = PBXGroup;
			children = (
				E87D52F42C9DBEA20067A1A0 /* Complete */,
				E87D52E02C9D6DCC0067A1A0 /* Title */,
				E87D52DF2C9D6DB50067A1A0 /* Exercise */,
				E8E346F92C98D261006DDA92 /* Word */,
				E8E346F72C988CF5006DDA92 /* TextBlob.swift */,
				E8E347512C9C1813006DDA92 /* StoryButton.swift */,
				E8E347552C9C5026006DDA92 /* StoryBlockView.swift */,
			);
			path = Components;
			sourceTree = "<group>";
		};
		E8E346F92C98D261006DDA92 /* Word */ = {
			isa = PBXGroup;
			children = (
				E8E346FA2C98D27F006DDA92 /* WordWrapView.swift */,
				E8E346FC2C98D292006DDA92 /* WordView.swift */,
			);
			path = Word;
			sourceTree = "<group>";
		};
		E8E347002C99F256006DDA92 /* Models */ = {
			isa = PBXGroup;
			children = (
				E8E347262C9AB136006DDA92 /* Authentication */,
				E8E347252C9AB108006DDA92 /* Stories */,
				E8E347242C9AACAB006DDA92 /* Users */,
			);
			path = Models;
			sourceTree = "<group>";
		};
		E8E347052C9A0E1B006DDA92 /* Storage */ = {
			isa = PBXGroup;
			children = (
				E8E347062C9A0E33006DDA92 /* StorageManager.swift */,
			);
			path = Storage;
			sourceTree = "<group>";
		};
		E8E3470E2C9A9DDD006DDA92 /* Errors */ = {
			isa = PBXGroup;
			children = (
				E8E3470F2C9A9E02006DDA92 /* CustomErrors.swift */,
			);
			path = Errors;
			sourceTree = "<group>";
		};
		E8E3471F2C9AA0B7006DDA92 /* Enums */ = {
			isa = PBXGroup;
			children = (
				E8E347132C9A9E72006DDA92 /* CEFRLevel.swift */,
				E8E3471B2C9A9F12006DDA92 /* StoryDifficulty.swift */,
				E8E347192C9A9EF4006DDA92 /* Language.swift */,
				E8E347172C9A9ED2006DDA92 /* StoryType.swift */,
				E8E347202C9AA104006DDA92 /* AuthProviderOption.swift */,
			);
			path = Enums;
			sourceTree = "<group>";
		};
		E8E347242C9AACAB006DDA92 /* Users */ = {
			isa = PBXGroup;
			children = (
				E8E347112C9A9E32006DDA92 /* DBUserModel.swift */,
				E8E3470C2C9A9DCE006DDA92 /* UserLanguageDetailsModel.swift */,
				E8E3470A2C9A9D87006DDA92 /* UserStoryProgressModel.swift */,
			);
			path = Users;
			sourceTree = "<group>";
		};
		E8E347252C9AB108006DDA92 /* Stories */ = {
			isa = PBXGroup;
			children = (
				E8E347332C9AE944006DDA92 /* StoryData */,
				E8E347222C9AAB7C006DDA92 /* StoryModel.swift */,
				E8E347152C9A9E8E006DDA92 /* DBStoryModel.swift */,
			);
			path = Stories;
			sourceTree = "<group>";
		};
		E8E347262C9AB136006DDA92 /* Authentication */ = {
			isa = PBXGroup;
			children = (
				E8E3471D2C9A9F5F006DDA92 /* AuthDataResultModel.swift */,
				E8E3472F2C9AD6E6006DDA92 /* GoogleSignInResultModel.swift */,
				E8E347312C9AD757006DDA92 /* AppleSignInResultModel.swift */,
			);
			path = Authentication;
			sourceTree = "<group>";
		};
		E8E347272C9AD4C0006DDA92 /* WavyPath */ = {
			isa = PBXGroup;
			children = (
				E855177C2C9205FC00FEB145 /* WavyPath.swift */,
			);
			path = WavyPath;
			sourceTree = "<group>";
		};
		E8E347282C9AD4F8006DDA92 /* SignIn */ = {
			isa = PBXGroup;
			children = (
				E82E3E4B2C884C1F00EF9A6A /* SignInEmailView.swift */,
				E854EE492C94B21C00BF1E33 /* SignInEmailViewModel.swift */,
			);
			path = SignIn;
			sourceTree = "<group>";
		};
		E8E347292C9AD510006DDA92 /* SignUp */ = {
			isa = PBXGroup;
			children = (
				E82E3E432C879C0F00EF9A6A /* SignUpEmailView.swift */,
				E854EE4B2C94B23E00BF1E33 /* SignUpEmailViewModel.swift */,
			);
			path = SignUp;
			sourceTree = "<group>";
		};
		E8E3472A2C9AD519006DDA92 /* ContinueWithGoogle */ = {
			isa = PBXGroup;
			children = (
				E85517692C90CD4C00FEB145 /* ContinueWithGoogle.swift */,
			);
			path = ContinueWithGoogle;
			sourceTree = "<group>";
		};
		E8E3472B2C9AD5C4006DDA92 /* Components */ = {
			isa = PBXGroup;
			children = (
				E854EE3A2C9377F700BF1E33 /* StoryBlob */,
				E8E347272C9AD4C0006DDA92 /* WavyPath */,
			);
			path = Components;
			sourceTree = "<group>";
		};
		E8E3472C2C9AD5EE006DDA92 /* Settings */ = {
			isa = PBXGroup;
			children = (
				E854EE582C94B49300BF1E33 /* SettingsView.swift */,
				E854EE5C2C94B4ED00BF1E33 /* SettingsViewModel.swift */,
			);
			path = Settings;
			sourceTree = "<group>";
		};
		E8E347332C9AE944006DDA92 /* StoryData */ = {
			isa = PBXGroup;
			children = (
				E8E347342C9AE979006DDA92 /* StoryDataModel.swift */,
			);
			path = StoryData;
			sourceTree = "<group>";
		};
/* End PBXGroup section */

/* Begin PBXNativeTarget section */
		E83960912C6BEA1400D8456D /* Utter */ = {
			isa = PBXNativeTarget;
			buildConfigurationList = E83960A02C6BEA1500D8456D /* Build configuration list for PBXNativeTarget "Utter" */;
			buildPhases = (
				E839608E2C6BEA1400D8456D /* Sources */,
				E839608F2C6BEA1400D8456D /* Frameworks */,
				E83960902C6BEA1400D8456D /* Resources */,
			);
			buildRules = (
			);
			dependencies = (
			);
			name = Utter;
			packageProductDependencies = (
				E8B5A72B2C878BA700B27287 /* FirebaseAnalytics */,
				E82E3E3B2C87991500EF9A6A /* FirebaseAuth */,
				E82E3E502C885CC300EF9A6A /* GoogleSignIn */,
				E82E3E522C885CC300EF9A6A /* GoogleSignInSwift */,
				E854EE422C94B06100BF1E33 /* FirebaseFirestore */,
				E8E347032C9A0D97006DDA92 /* FirebaseStorage */,
				E87D530A2C9F5A650067A1A0 /* Vapi */,
			);
			productName = Utter;
			productReference = E83960922C6BEA1400D8456D /* Utter.app */;
			productType = "com.apple.product-type.application";
		};
/* End PBXNativeTarget section */

/* Begin PBXProject section */
		E839608A2C6BEA1400D8456D /* Project object */ = {
			isa = PBXProject;
			attributes = {
				BuildIndependentTargetsInParallel = 1;
				LastSwiftUpdateCheck = 1540;
				LastUpgradeCheck = 1540;
				TargetAttributes = {
					E83960912C6BEA1400D8456D = {
						CreatedOnToolsVersion = 15.4;
					};
				};
			};
			buildConfigurationList = E839608D2C6BEA1400D8456D /* Build configuration list for PBXProject "Utter" */;
			compatibilityVersion = "Xcode 14.0";
			developmentRegion = en;
			hasScannedForEncodings = 0;
			knownRegions = (
				en,
				Base,
			);
			mainGroup = E83960892C6BEA1400D8456D;
			packageReferences = (
				E8B5A72A2C878BA700B27287 /* XCRemoteSwiftPackageReference "firebase-ios-sdk" */,
				E82E3E4F2C885CC300EF9A6A /* XCRemoteSwiftPackageReference "GoogleSignIn-iOS" */,
				E87D53092C9F5A650067A1A0 /* XCRemoteSwiftPackageReference "ios" */,
			);
			productRefGroup = E83960932C6BEA1400D8456D /* Products */;
			projectDirPath = "";
			projectRoot = "";
			targets = (
				E83960912C6BEA1400D8456D /* Utter */,
			);
		};
/* End PBXProject section */

/* Begin PBXResourcesBuildPhase section */
		E83960902C6BEA1400D8456D /* Resources */ = {
			isa = PBXResourcesBuildPhase;
			buildActionMask = 2147483647;
			files = (
				E82E3E4E2C885BFF00EF9A6A /* GoogleService-Info.plist in Resources */,
				E839609D2C6BEA1500D8456D /* Preview Assets.xcassets in Resources */,
				E827E4A52C90B2A600D6D4F1 /* Launch Screen.storyboard in Resources */,
				E839609A2C6BEA1500D8456D /* Assets.xcassets in Resources */,
				E87D530D2C9F5D8A0067A1A0 /* TokensInfo.plist in Resources */,
			);
			runOnlyForDeploymentPostprocessing = 0;
		};
/* End PBXResourcesBuildPhase section */

/* Begin PBXSourcesBuildPhase section */
		E839608E2C6BEA1400D8456D /* Sources */ = {
			isa = PBXSourcesBuildPhase;
			buildActionMask = 2147483647;
			files = (
				E8E3471C2C9A9F12006DDA92 /* StoryDifficulty.swift in Sources */,
				E8E347322C9AD757006DDA92 /* AppleSignInResultModel.swift in Sources */,
				E855176A2C90CD4C00FEB145 /* ContinueWithGoogle.swift in Sources */,
				E85517742C90D3CE00FEB145 /* CircularProgressBarBackgroundView.swift in Sources */,
				E87D53022C9F247F0067A1A0 /* PronunciationViewModel.swift in Sources */,
				E8E347182C9A9ED2006DDA92 /* StoryType.swift in Sources */,
				E8E347072C9A0E33006DDA92 /* StorageManager.swift in Sources */,
				E8E347522C9C1813006DDA92 /* StoryButton.swift in Sources */,
				E854EE392C93764F00BF1E33 /* TabBarButton.swift in Sources */,
				E87D52FE2C9F0B310067A1A0 /* TestVoiceTranscriptionView.swift in Sources */,
				E8E346E82C9816A6006DDA92 /* AvatarGrid.swift in Sources */,
				E8E346EB2C982DB2006DDA92 /* LanguageView.swift in Sources */,
				E85517852C921B8500FEB145 /* HorizontalProgressBar.swift in Sources */,
				E8E3470B2C9A9D87006DDA92 /* UserStoryProgressModel.swift in Sources */,
				E855177D2C9205FC00FEB145 /* WavyPath.swift in Sources */,
				E85517702C90CE0600FEB145 /* HomeView.swift in Sources */,
				E82E3E422C879A8300EF9A6A /* AuthenticationView.swift in Sources */,
				E87D52E72C9D6FCB0067A1A0 /* MultipleChoiceView.swift in Sources */,
				E8E3474E2C9C1320006DDA92 /* StoryTitleView.swift in Sources */,
				E8E346F52C988CE1006DDA92 /* StoryView.swift in Sources */,
				E8E346ED2C982F7B006DDA92 /* LanguageOption.swift in Sources */,
				E854EE602C94BA6400BF1E33 /* UserManager.swift in Sources */,
				E85517792C90D5B200FEB145 /* CircularProgressBarView.swift in Sources */,
				E8E347502C9C1551006DDA92 /* ChapterTitleView.swift in Sources */,
				E87D53002C9F0E380067A1A0 /* SpeechTranscriptionManager.swift in Sources */,
				E8E3472E2C9AD664006DDA92 /* StoryViewModel.swift in Sources */,
				E82E3E462C879F3E00EF9A6A /* AuthenticationManager.swift in Sources */,
				E854EE4E2C94B28E00BF1E33 /* HomeViewModel.swift in Sources */,
				E855176C2C90CD5D00FEB145 /* LabelledDivider.swift in Sources */,
				E8E347562C9C5026006DDA92 /* StoryBlockView.swift in Sources */,
				E87D53062C9F567C0067A1A0 /* LiveInteractionView.swift in Sources */,
				E87D52F12C9D98A20067A1A0 /* SpeakingView.swift in Sources */,
				E8E346FD2C98D292006DDA92 /* WordView.swift in Sources */,
				E854EE4C2C94B23E00BF1E33 /* SignUpEmailViewModel.swift in Sources */,
				E854EE662C96FFE800BF1E33 /* StoryDatabase.swift in Sources */,
				E8E346F82C988CF5006DDA92 /* TextBlob.swift in Sources */,
				E8E347142C9A9E73006DDA92 /* CEFRLevel.swift in Sources */,
				E854EE5B2C94B4CC00BF1E33 /* ProfileView.swift in Sources */,
				E82E3E482C87A7BE00EF9A6A /* RootView.swift in Sources */,
				E8E347302C9AD6E6006DDA92 /* GoogleSignInResultModel.swift in Sources */,
				E8E3470D2C9A9DCE006DDA92 /* UserLanguageDetailsModel.swift in Sources */,
				E854EE472C94B1CD00BF1E33 /* AuthenticationViewModel.swift in Sources */,
				E87D52E42C9D6F2B0067A1A0 /* ExerciseCompletionView.swift in Sources */,
				E8E347212C9AA104006DDA92 /* AuthProviderOption.swift in Sources */,
				E8E347232C9AAB7C006DDA92 /* StoryModel.swift in Sources */,
				E82E3E582C8866DF00EF9A6A /* SignInGoogleHelper.swift in Sources */,
				E85517722C90D07200FEB145 /* StoryBlob.swift in Sources */,
				E8E347582C9C51AC006DDA92 /* ExerciseBlockView.swift in Sources */,
				E8E347092C9A10F3006DDA92 /* ProfileViewModel.swift in Sources */,
				E854EE3E2C9427BD00BF1E33 /* StoryPopover.swift in Sources */,
				E8E347122C9A9E32006DDA92 /* DBUserModel.swift in Sources */,
				E854EE352C93652900BF1E33 /* CustomTabBar.swift in Sources */,
				E83960962C6BEA1400D8456D /* UtterApp.swift in Sources */,
				E82E3E4C2C884C1F00EF9A6A /* SignInEmailView.swift in Sources */,
				E87D52E92C9D6FED0067A1A0 /* HintsView.swift in Sources */,
				E8E3471A2C9A9EF4006DDA92 /* Language.swift in Sources */,
				E87D52F62C9DBEB90067A1A0 /* StoryCompleteView.swift in Sources */,
				E87D53082C9F59D80067A1A0 /* LiveInteractionViewModel.swift in Sources */,
				E854EE592C94B49300BF1E33 /* SettingsView.swift in Sources */,
				E87D52EF2C9D8ED20067A1A0 /* LineViewModel.swift in Sources */,
				E87D52F92C9DD3400067A1A0 /* AudioManager.swift in Sources */,
				E854EE622C96EEEA00BF1E33 /* StoryManager.swift in Sources */,
				E82E3E562C885FF500EF9A6A /* Utilities.swift in Sources */,
				E87D52E22C9D6EF50067A1A0 /* ExerciseHeaderView.swift in Sources */,
				E8E3471E2C9A9F5F006DDA92 /* AuthDataResultModel.swift in Sources */,
				E82E3E5A2C8DD5CA00EF9A6A /* SignInAppleHelper.swift in Sources */,
				E87D52ED2C9D7F240067A1A0 /* PronunciationView.swift in Sources */,
				E8E346FB2C98D27F006DDA92 /* WordWrapView.swift in Sources */,
				E82E3E442C879C0F00EF9A6A /* SignUpEmailView.swift in Sources */,
				E8E347162C9A9E8E006DDA92 /* DBStoryModel.swift in Sources */,
				E85517772C90D51400FEB145 /* CircularProgressBarProgressView.swift in Sources */,
				E854EE4A2C94B21C00BF1E33 /* SignInEmailViewModel.swift in Sources */,
				E854EE5D2C94B4ED00BF1E33 /* SettingsViewModel.swift in Sources */,
				E8E347542C9C1C51006DDA92 /* StoryImageCard.swift in Sources */,
				E8E347102C9A9E02006DDA92 /* CustomErrors.swift in Sources */,
				E8E347352C9AE979006DDA92 /* StoryDataModel.swift in Sources */,
			);
			runOnlyForDeploymentPostprocessing = 0;
		};
/* End PBXSourcesBuildPhase section */

/* Begin XCBuildConfiguration section */
		E839609E2C6BEA1500D8456D /* Debug */ = {
			isa = XCBuildConfiguration;
			buildSettings = {
				ALWAYS_SEARCH_USER_PATHS = NO;
				ASSETCATALOG_COMPILER_GENERATE_SWIFT_ASSET_SYMBOL_EXTENSIONS = YES;
				CLANG_ANALYZER_NONNULL = YES;
				CLANG_ANALYZER_NUMBER_OBJECT_CONVERSION = YES_AGGRESSIVE;
				CLANG_CXX_LANGUAGE_STANDARD = "gnu++20";
				CLANG_ENABLE_MODULES = YES;
				CLANG_ENABLE_OBJC_ARC = YES;
				CLANG_ENABLE_OBJC_WEAK = YES;
				CLANG_WARN_BLOCK_CAPTURE_AUTORELEASING = YES;
				CLANG_WARN_BOOL_CONVERSION = YES;
				CLANG_WARN_COMMA = YES;
				CLANG_WARN_CONSTANT_CONVERSION = YES;
				CLANG_WARN_DEPRECATED_OBJC_IMPLEMENTATIONS = YES;
				CLANG_WARN_DIRECT_OBJC_ISA_USAGE = YES_ERROR;
				CLANG_WARN_DOCUMENTATION_COMMENTS = YES;
				CLANG_WARN_EMPTY_BODY = YES;
				CLANG_WARN_ENUM_CONVERSION = YES;
				CLANG_WARN_INFINITE_RECURSION = YES;
				CLANG_WARN_INT_CONVERSION = YES;
				CLANG_WARN_NON_LITERAL_NULL_CONVERSION = YES;
				CLANG_WARN_OBJC_IMPLICIT_RETAIN_SELF = YES;
				CLANG_WARN_OBJC_LITERAL_CONVERSION = YES;
				CLANG_WARN_OBJC_ROOT_CLASS = YES_ERROR;
				CLANG_WARN_QUOTED_INCLUDE_IN_FRAMEWORK_HEADER = YES;
				CLANG_WARN_RANGE_LOOP_ANALYSIS = YES;
				CLANG_WARN_STRICT_PROTOTYPES = YES;
				CLANG_WARN_SUSPICIOUS_MOVE = YES;
				CLANG_WARN_UNGUARDED_AVAILABILITY = YES_AGGRESSIVE;
				CLANG_WARN_UNREACHABLE_CODE = YES;
				CLANG_WARN__DUPLICATE_METHOD_MATCH = YES;
				COPY_PHASE_STRIP = NO;
				DEBUG_INFORMATION_FORMAT = dwarf;
				ENABLE_STRICT_OBJC_MSGSEND = YES;
				ENABLE_TESTABILITY = YES;
				ENABLE_USER_SCRIPT_SANDBOXING = YES;
				GCC_C_LANGUAGE_STANDARD = gnu17;
				GCC_DYNAMIC_NO_PIC = NO;
				GCC_NO_COMMON_BLOCKS = YES;
				GCC_OPTIMIZATION_LEVEL = 0;
				GCC_PREPROCESSOR_DEFINITIONS = (
					"DEBUG=1",
					"$(inherited)",
				);
				GCC_WARN_64_TO_32_BIT_CONVERSION = YES;
				GCC_WARN_ABOUT_RETURN_TYPE = YES_ERROR;
				GCC_WARN_UNDECLARED_SELECTOR = YES;
				GCC_WARN_UNINITIALIZED_AUTOS = YES_AGGRESSIVE;
				GCC_WARN_UNUSED_FUNCTION = YES;
				GCC_WARN_UNUSED_VARIABLE = YES;
				IPHONEOS_DEPLOYMENT_TARGET = 17.5;
				LOCALIZATION_PREFERS_STRING_CATALOGS = YES;
				MTL_ENABLE_DEBUG_INFO = INCLUDE_SOURCE;
				MTL_FAST_MATH = YES;
				ONLY_ACTIVE_ARCH = YES;
				SDKROOT = iphoneos;
				SWIFT_ACTIVE_COMPILATION_CONDITIONS = "DEBUG $(inherited)";
				SWIFT_OPTIMIZATION_LEVEL = "-Onone";
			};
			name = Debug;
		};
		E839609F2C6BEA1500D8456D /* Release */ = {
			isa = XCBuildConfiguration;
			buildSettings = {
				ALWAYS_SEARCH_USER_PATHS = NO;
				ASSETCATALOG_COMPILER_GENERATE_SWIFT_ASSET_SYMBOL_EXTENSIONS = YES;
				CLANG_ANALYZER_NONNULL = YES;
				CLANG_ANALYZER_NUMBER_OBJECT_CONVERSION = YES_AGGRESSIVE;
				CLANG_CXX_LANGUAGE_STANDARD = "gnu++20";
				CLANG_ENABLE_MODULES = YES;
				CLANG_ENABLE_OBJC_ARC = YES;
				CLANG_ENABLE_OBJC_WEAK = YES;
				CLANG_WARN_BLOCK_CAPTURE_AUTORELEASING = YES;
				CLANG_WARN_BOOL_CONVERSION = YES;
				CLANG_WARN_COMMA = YES;
				CLANG_WARN_CONSTANT_CONVERSION = YES;
				CLANG_WARN_DEPRECATED_OBJC_IMPLEMENTATIONS = YES;
				CLANG_WARN_DIRECT_OBJC_ISA_USAGE = YES_ERROR;
				CLANG_WARN_DOCUMENTATION_COMMENTS = YES;
				CLANG_WARN_EMPTY_BODY = YES;
				CLANG_WARN_ENUM_CONVERSION = YES;
				CLANG_WARN_INFINITE_RECURSION = YES;
				CLANG_WARN_INT_CONVERSION = YES;
				CLANG_WARN_NON_LITERAL_NULL_CONVERSION = YES;
				CLANG_WARN_OBJC_IMPLICIT_RETAIN_SELF = YES;
				CLANG_WARN_OBJC_LITERAL_CONVERSION = YES;
				CLANG_WARN_OBJC_ROOT_CLASS = YES_ERROR;
				CLANG_WARN_QUOTED_INCLUDE_IN_FRAMEWORK_HEADER = YES;
				CLANG_WARN_RANGE_LOOP_ANALYSIS = YES;
				CLANG_WARN_STRICT_PROTOTYPES = YES;
				CLANG_WARN_SUSPICIOUS_MOVE = YES;
				CLANG_WARN_UNGUARDED_AVAILABILITY = YES_AGGRESSIVE;
				CLANG_WARN_UNREACHABLE_CODE = YES;
				CLANG_WARN__DUPLICATE_METHOD_MATCH = YES;
				COPY_PHASE_STRIP = NO;
				DEBUG_INFORMATION_FORMAT = "dwarf-with-dsym";
				ENABLE_NS_ASSERTIONS = NO;
				ENABLE_STRICT_OBJC_MSGSEND = YES;
				ENABLE_USER_SCRIPT_SANDBOXING = YES;
				GCC_C_LANGUAGE_STANDARD = gnu17;
				GCC_NO_COMMON_BLOCKS = YES;
				GCC_WARN_64_TO_32_BIT_CONVERSION = YES;
				GCC_WARN_ABOUT_RETURN_TYPE = YES_ERROR;
				GCC_WARN_UNDECLARED_SELECTOR = YES;
				GCC_WARN_UNINITIALIZED_AUTOS = YES_AGGRESSIVE;
				GCC_WARN_UNUSED_FUNCTION = YES;
				GCC_WARN_UNUSED_VARIABLE = YES;
				IPHONEOS_DEPLOYMENT_TARGET = 17.5;
				LOCALIZATION_PREFERS_STRING_CATALOGS = YES;
				MTL_ENABLE_DEBUG_INFO = NO;
				MTL_FAST_MATH = YES;
				SDKROOT = iphoneos;
				SWIFT_COMPILATION_MODE = wholemodule;
				VALIDATE_PRODUCT = YES;
			};
			name = Release;
		};
		E83960A12C6BEA1500D8456D /* Debug */ = {
			isa = XCBuildConfiguration;
			buildSettings = {
				ASSETCATALOG_COMPILER_APPICON_NAME = AppIcon;
				ASSETCATALOG_COMPILER_GLOBAL_ACCENT_COLOR_NAME = AccentColor;
				CODE_SIGN_STYLE = Automatic;
				CURRENT_PROJECT_VERSION = 1;
				DEVELOPMENT_ASSET_PATHS = "\"Utter/Preview Content\"";
				DEVELOPMENT_TEAM = B2R39BY89D;
				ENABLE_PREVIEWS = YES;
				GENERATE_INFOPLIST_FILE = YES;
				INFOPLIST_FILE = Utter/Info.plist;
				INFOPLIST_KEY_LSApplicationCategoryType = "public.app-category.educational-games";
				INFOPLIST_KEY_NSMicrophoneUsageDescription = "Utter uses the microphone to record your speech so that it can be transcribed.";
				INFOPLIST_KEY_NSSpeechRecognitionUsageDescription = "Utter uses speech recognition to evaluate pronunciation and communicate with our voicebots.";
				INFOPLIST_KEY_UIApplicationSceneManifest_Generation = YES;
				INFOPLIST_KEY_UIApplicationSupportsIndirectInputEvents = YES;
				INFOPLIST_KEY_UILaunchScreen_Generation = YES;
				INFOPLIST_KEY_UILaunchStoryboardName = "Launch Screen.storyboard";
				INFOPLIST_KEY_UISupportedInterfaceOrientations_iPad = "UIInterfaceOrientationPortrait UIInterfaceOrientationPortraitUpsideDown UIInterfaceOrientationLandscapeLeft UIInterfaceOrientationLandscapeRight";
				INFOPLIST_KEY_UISupportedInterfaceOrientations_iPhone = "UIInterfaceOrientationPortrait UIInterfaceOrientationLandscapeLeft UIInterfaceOrientationLandscapeRight";
				LD_RUNPATH_SEARCH_PATHS = (
					"$(inherited)",
					"@executable_path/Frameworks",
				);
				MARKETING_VERSION = 1.0;
				PRODUCT_BUNDLE_IDENTIFIER = com.victoro.Utter;
				PRODUCT_NAME = "$(TARGET_NAME)";
				SUPPORTED_PLATFORMS = "iphoneos iphonesimulator";
				SUPPORTS_MACCATALYST = NO;
				SUPPORTS_MAC_DESIGNED_FOR_IPHONE_IPAD = NO;
				SUPPORTS_XR_DESIGNED_FOR_IPHONE_IPAD = NO;
				SWIFT_EMIT_LOC_STRINGS = YES;
				SWIFT_VERSION = 5.0;
				TARGETED_DEVICE_FAMILY = 1;
			};
			name = Debug;
		};
		E83960A22C6BEA1500D8456D /* Release */ = {
			isa = XCBuildConfiguration;
			buildSettings = {
				ASSETCATALOG_COMPILER_APPICON_NAME = AppIcon;
				ASSETCATALOG_COMPILER_GLOBAL_ACCENT_COLOR_NAME = AccentColor;
				CODE_SIGN_STYLE = Automatic;
				CURRENT_PROJECT_VERSION = 1;
				DEVELOPMENT_ASSET_PATHS = "\"Utter/Preview Content\"";
				DEVELOPMENT_TEAM = B2R39BY89D;
				ENABLE_PREVIEWS = YES;
				GENERATE_INFOPLIST_FILE = YES;
				INFOPLIST_FILE = Utter/Info.plist;
				INFOPLIST_KEY_LSApplicationCategoryType = "public.app-category.educational-games";
				INFOPLIST_KEY_NSMicrophoneUsageDescription = "Utter uses the microphone to record your speech so that it can be transcribed.";
				INFOPLIST_KEY_NSSpeechRecognitionUsageDescription = "Utter uses speech recognition to evaluate pronunciation and communicate with our voicebots.";
				INFOPLIST_KEY_UIApplicationSceneManifest_Generation = YES;
				INFOPLIST_KEY_UIApplicationSupportsIndirectInputEvents = YES;
				INFOPLIST_KEY_UILaunchScreen_Generation = YES;
				INFOPLIST_KEY_UILaunchStoryboardName = "Launch Screen.storyboard";
				INFOPLIST_KEY_UISupportedInterfaceOrientations_iPad = "UIInterfaceOrientationPortrait UIInterfaceOrientationPortraitUpsideDown UIInterfaceOrientationLandscapeLeft UIInterfaceOrientationLandscapeRight";
				INFOPLIST_KEY_UISupportedInterfaceOrientations_iPhone = "UIInterfaceOrientationPortrait UIInterfaceOrientationLandscapeLeft UIInterfaceOrientationLandscapeRight";
				LD_RUNPATH_SEARCH_PATHS = (
					"$(inherited)",
					"@executable_path/Frameworks",
				);
				MARKETING_VERSION = 1.0;
				PRODUCT_BUNDLE_IDENTIFIER = com.victoro.Utter;
				PRODUCT_NAME = "$(TARGET_NAME)";
				SUPPORTED_PLATFORMS = "iphoneos iphonesimulator";
				SUPPORTS_MACCATALYST = NO;
				SUPPORTS_MAC_DESIGNED_FOR_IPHONE_IPAD = NO;
				SUPPORTS_XR_DESIGNED_FOR_IPHONE_IPAD = NO;
				SWIFT_EMIT_LOC_STRINGS = YES;
				SWIFT_VERSION = 5.0;
				TARGETED_DEVICE_FAMILY = 1;
			};
			name = Release;
		};
/* End XCBuildConfiguration section */

/* Begin XCConfigurationList section */
		E839608D2C6BEA1400D8456D /* Build configuration list for PBXProject "Utter" */ = {
			isa = XCConfigurationList;
			buildConfigurations = (
				E839609E2C6BEA1500D8456D /* Debug */,
				E839609F2C6BEA1500D8456D /* Release */,
			);
			defaultConfigurationIsVisible = 0;
			defaultConfigurationName = Release;
		};
		E83960A02C6BEA1500D8456D /* Build configuration list for PBXNativeTarget "Utter" */ = {
			isa = XCConfigurationList;
			buildConfigurations = (
				E83960A12C6BEA1500D8456D /* Debug */,
				E83960A22C6BEA1500D8456D /* Release */,
			);
			defaultConfigurationIsVisible = 0;
			defaultConfigurationName = Release;
		};
/* End XCConfigurationList section */

/* Begin XCRemoteSwiftPackageReference section */
		E82E3E4F2C885CC300EF9A6A /* XCRemoteSwiftPackageReference "GoogleSignIn-iOS" */ = {
			isa = XCRemoteSwiftPackageReference;
			repositoryURL = "https://github.com/google/GoogleSignIn-iOS.git";
			requirement = {
				kind = upToNextMajorVersion;
				minimumVersion = 8.0.0;
			};
		};
		E87D53092C9F5A650067A1A0 /* XCRemoteSwiftPackageReference "ios" */ = {
			isa = XCRemoteSwiftPackageReference;
			repositoryURL = "https://github.com/VapiAI/ios";
			requirement = {
				branch = main;
				kind = branch;
			};
		};
		E8B5A72A2C878BA700B27287 /* XCRemoteSwiftPackageReference "firebase-ios-sdk" */ = {
			isa = XCRemoteSwiftPackageReference;
			repositoryURL = "https://github.com/firebase/firebase-ios-sdk.git";
			requirement = {
				kind = upToNextMajorVersion;
				minimumVersion = 11.1.0;
			};
		};
/* End XCRemoteSwiftPackageReference section */

/* Begin XCSwiftPackageProductDependency section */
		E82E3E3B2C87991500EF9A6A /* FirebaseAuth */ = {
			isa = XCSwiftPackageProductDependency;
			package = E8B5A72A2C878BA700B27287 /* XCRemoteSwiftPackageReference "firebase-ios-sdk" */;
			productName = FirebaseAuth;
		};
		E82E3E502C885CC300EF9A6A /* GoogleSignIn */ = {
			isa = XCSwiftPackageProductDependency;
			package = E82E3E4F2C885CC300EF9A6A /* XCRemoteSwiftPackageReference "GoogleSignIn-iOS" */;
			productName = GoogleSignIn;
		};
		E82E3E522C885CC300EF9A6A /* GoogleSignInSwift */ = {
			isa = XCSwiftPackageProductDependency;
			package = E82E3E4F2C885CC300EF9A6A /* XCRemoteSwiftPackageReference "GoogleSignIn-iOS" */;
			productName = GoogleSignInSwift;
		};
		E854EE422C94B06100BF1E33 /* FirebaseFirestore */ = {
			isa = XCSwiftPackageProductDependency;
			package = E8B5A72A2C878BA700B27287 /* XCRemoteSwiftPackageReference "firebase-ios-sdk" */;
			productName = FirebaseFirestore;
		};
		E87D530A2C9F5A650067A1A0 /* Vapi */ = {
			isa = XCSwiftPackageProductDependency;
			package = E87D53092C9F5A650067A1A0 /* XCRemoteSwiftPackageReference "ios" */;
			productName = Vapi;
		};
		E8B5A72B2C878BA700B27287 /* FirebaseAnalytics */ = {
			isa = XCSwiftPackageProductDependency;
			package = E8B5A72A2C878BA700B27287 /* XCRemoteSwiftPackageReference "firebase-ios-sdk" */;
			productName = FirebaseAnalytics;
		};
		E8E347032C9A0D97006DDA92 /* FirebaseStorage */ = {
			isa = XCSwiftPackageProductDependency;
			package = E8B5A72A2C878BA700B27287 /* XCRemoteSwiftPackageReference "firebase-ios-sdk" */;
			productName = FirebaseStorage;
		};
/* End XCSwiftPackageProductDependency section */
	};
	rootObject = E839608A2C6BEA1400D8456D /* Project object */;
}
